
Microsoft Visual Studio Solution File, Format Version 12.00
# Visual Studio Version 17
VisualStudioVersion = 17.5.002.0
MinimumVisualStudioVersion = 10.0.40219.1
Project("{9A19103F-16F7-4668-BE54-9A1E7A4F7556}") = "References", "References.csproj", "{C8FC9CC5-9775-4251-AE29-BA73449B29C8}"
EndProject
Global
	GlobalSection(SolutionConfigurationPlatforms) = preSolution
		Debug|Any CPU = Debug|Any CPU
		Release|Any CPU = Release|Any CPU
	EndGlobalSection
	GlobalSection(ProjectConfigurationPlatforms) = postSolution
		{C8FC9CC5-9775-4251-AE29-BA73449B29C8}.Debug|Any CPU.ActiveCfg = Debug|Any CPU
		{C8FC9CC5-9775-4251-AE29-BA73449B29C8}.Debug|Any CPU.Build.0 = Debug|Any CPU
		{C8FC9CC5-9775-4251-AE29-BA73449B29C8}.Release|Any CPU.ActiveCfg = Release|Any CPU
		{C8FC9CC5-9775-4251-AE29-BA73449B29C8}.Release|Any CPU.Build.0 = Release|Any CPU
	EndGlobalSection
	GlobalSection(SolutionProperties) = preSolution
		HideSolutionNode = FALSE
	EndGlobalSection
	GlobalSection(ExtensibilityGlobals) = postSolution
		SolutionGuid = {18D3F256-F19F-41B1-8B5C-669E5B9ED7D7}
	EndGlobalSection
EndGlobal
